
Microsoft Visual Studio Solution File, Format Version 12.00
# Visual Studio 15
VisualStudioVersion = 15.0.26124.0
MinimumVisualStudioVersion = 15.0.26124.0
Project("{FAE04EC0-301F-11D3-BF4B-00C04F79EFBC}") = "Models", "Models\Models.csproj", "{3B776357-F3B7-4CAE-BB89-3A17DE67A8F9}"
EndProject
Project("{FAE04EC0-301F-11D3-BF4B-00C04F79EFBC}") = "DataAccess", "DataAccess\DataAccess.csproj", "{6FC3CA8D-84A1-44F7-AFBE-96726F7C360F}"
EndProject
Project("{FAE04EC0-301F-11D3-BF4B-00C04F79EFBC}") = "Business", "Business\Business.csproj", "{2C6F4939-6083-4141-B1D6-CAC44701FD07}"
EndProject
Project("{FAE04EC0-301F-11D3-BF4B-00C04F79EFBC}") = "Api", "Api\Api.csproj", "{2C46066B-955E-4EA3-926A-2FDDB439716E}"
EndProject
Project("{FAE04EC0-301F-11D3-BF4B-00C04F79EFBC}") = "Tests", "Tests\Tests.csproj", "{28A0618B-D025-4620-8880-9D2EFA37920E}"
EndProject
Project("{FAE04EC0-301F-11D3-BF4B-00C04F79EFBC}") = "AdHoc", "AdHoc\AdHoc.csproj", "{5175659C-21ED-4F39-A666-E6622A9B92FE}"
EndProject
Global
	GlobalSection(SolutionConfigurationPlatforms) = preSolution
		Debug|Any CPU = Debug|Any CPU
		Debug|x64 = Debug|x64
		Debug|x86 = Debug|x86
		Release|Any CPU = Release|Any CPU
		Release|x64 = Release|x64
		Release|x86 = Release|x86
	EndGlobalSection
	GlobalSection(SolutionProperties) = preSolution
		HideSolutionNode = FALSE
	EndGlobalSection
	GlobalSection(ProjectConfigurationPlatforms) = postSolution
		{3B776357-F3B7-4CAE-BB89-3A17DE67A8F9}.Debug|Any CPU.ActiveCfg = Debug|Any CPU
		{3B776357-F3B7-4CAE-BB89-3A17DE67A8F9}.Debug|Any CPU.Build.0 = Debug|Any CPU
		{3B776357-F3B7-4CAE-BB89-3A17DE67A8F9}.Debug|x64.ActiveCfg = Debug|Any CPU
		{3B776357-F3B7-4CAE-BB89-3A17DE67A8F9}.Debug|x64.Build.0 = Debug|Any CPU
		{3B776357-F3B7-4CAE-BB89-3A17DE67A8F9}.Debug|x86.ActiveCfg = Debug|Any CPU
		{3B776357-F3B7-4CAE-BB89-3A17DE67A8F9}.Debug|x86.Build.0 = Debug|Any CPU
		{3B776357-F3B7-4CAE-BB89-3A17DE67A8F9}.Release|Any CPU.ActiveCfg = Release|Any CPU
		{3B776357-F3B7-4CAE-BB89-3A17DE67A8F9}.Release|Any CPU.Build.0 = Release|Any CPU
		{3B776357-F3B7-4CAE-BB89-3A17DE67A8F9}.Release|x64.ActiveCfg = Release|Any CPU
		{3B776357-F3B7-4CAE-BB89-3A17DE67A8F9}.Release|x64.Build.0 = Release|Any CPU
		{3B776357-F3B7-4CAE-BB89-3A17DE67A8F9}.Release|x86.ActiveCfg = Release|Any CPU
		{3B776357-F3B7-4CAE-BB89-3A17DE67A8F9}.Release|x86.Build.0 = Release|Any CPU
		{6FC3CA8D-84A1-44F7-AFBE-96726F7C360F}.Debug|Any CPU.ActiveCfg = Debug|Any CPU
		{6FC3CA8D-84A1-44F7-AFBE-96726F7C360F}.Debug|Any CPU.Build.0 = Debug|Any CPU
		{6FC3CA8D-84A1-44F7-AFBE-96726F7C360F}.Debug|x64.ActiveCfg = Debug|Any CPU
		{6FC3CA8D-84A1-44F7-AFBE-96726F7C360F}.Debug|x64.Build.0 = Debug|Any CPU
		{6FC3CA8D-84A1-44F7-AFBE-96726F7C360F}.Debug|x86.ActiveCfg = Debug|Any CPU
		{6FC3CA8D-84A1-44F7-AFBE-96726F7C360F}.Debug|x86.Build.0 = Debug|Any CPU
		{6FC3CA8D-84A1-44F7-AFBE-96726F7C360F}.Release|Any CPU.ActiveCfg = Release|Any CPU
		{6FC3CA8D-84A1-44F7-AFBE-96726F7C360F}.Release|Any CPU.Build.0 = Release|Any CPU
		{6FC3CA8D-84A1-44F7-AFBE-96726F7C360F}.Release|x64.ActiveCfg = Release|Any CPU
		{6FC3CA8D-84A1-44F7-AFBE-96726F7C360F}.Release|x64.Build.0 = Release|Any CPU
		{6FC3CA8D-84A1-44F7-AFBE-96726F7C360F}.Release|x86.ActiveCfg = Release|Any CPU
		{6FC3CA8D-84A1-44F7-AFBE-96726F7C360F}.Release|x86.Build.0 = Release|Any CPU
		{2C6F4939-6083-4141-B1D6-CAC44701FD07}.Debug|Any CPU.ActiveCfg = Debug|Any CPU
		{2C6F4939-6083-4141-B1D6-CAC44701FD07}.Debug|Any CPU.Build.0 = Debug|Any CPU
		{2C6F4939-6083-4141-B1D6-CAC44701FD07}.Debug|x64.ActiveCfg = Debug|Any CPU
		{2C6F4939-6083-4141-B1D6-CAC44701FD07}.Debug|x64.Build.0 = Debug|Any CPU
		{2C6F4939-6083-4141-B1D6-CAC44701FD07}.Debug|x86.ActiveCfg = Debug|Any CPU
		{2C6F4939-6083-4141-B1D6-CAC44701FD07}.Debug|x86.Build.0 = Debug|Any CPU
		{2C6F4939-6083-4141-B1D6-CAC44701FD07}.Release|Any CPU.ActiveCfg = Release|Any CPU
		{2C6F4939-6083-4141-B1D6-CAC44701FD07}.Release|Any CPU.Build.0 = Release|Any CPU
		{2C6F4939-6083-4141-B1D6-CAC44701FD07}.Release|x64.ActiveCfg = Release|Any CPU
		{2C6F4939-6083-4141-B1D6-CAC44701FD07}.Release|x64.Build.0 = Release|Any CPU
		{2C6F4939-6083-4141-B1D6-CAC44701FD07}.Release|x86.ActiveCfg = Release|Any CPU
		{2C6F4939-6083-4141-B1D6-CAC44701FD07}.Release|x86.Build.0 = Release|Any CPU
		{2C46066B-955E-4EA3-926A-2FDDB439716E}.Debug|Any CPU.ActiveCfg = Debug|Any CPU
		{2C46066B-955E-4EA3-926A-2FDDB439716E}.Debug|Any CPU.Build.0 = Debug|Any CPU
		{2C46066B-955E-4EA3-926A-2FDDB439716E}.Debug|x64.ActiveCfg = Debug|Any CPU
		{2C46066B-955E-4EA3-926A-2FDDB439716E}.Debug|x64.Build.0 = Debug|Any CPU
		{2C46066B-955E-4EA3-926A-2FDDB439716E}.Debug|x86.ActiveCfg = Debug|Any CPU
		{2C46066B-955E-4EA3-926A-2FDDB439716E}.Debug|x86.Build.0 = Debug|Any CPU
		{2C46066B-955E-4EA3-926A-2FDDB439716E}.Release|Any CPU.ActiveCfg = Release|Any CPU
		{2C46066B-955E-4EA3-926A-2FDDB439716E}.Release|Any CPU.Build.0 = Release|Any CPU
		{2C46066B-955E-4EA3-926A-2FDDB439716E}.Release|x64.ActiveCfg = Release|Any CPU
		{2C46066B-955E-4EA3-926A-2FDDB439716E}.Release|x64.Build.0 = Release|Any CPU
		{2C46066B-955E-4EA3-926A-2FDDB439716E}.Release|x86.ActiveCfg = Release|Any CPU
		{2C46066B-955E-4EA3-926A-2FDDB439716E}.Release|x86.Build.0 = Release|Any CPU
		{28A0618B-D025-4620-8880-9D2EFA37920E}.Debug|Any CPU.ActiveCfg = Debug|Any CPU
		{28A0618B-D025-4620-8880-9D2EFA37920E}.Debug|Any CPU.Build.0 = Debug|Any CPU
		{28A0618B-D025-4620-8880-9D2EFA37920E}.Debug|x64.ActiveCfg = Debug|Any CPU
		{28A0618B-D025-4620-8880-9D2EFA37920E}.Debug|x64.Build.0 = Debug|Any CPU
		{28A0618B-D025-4620-8880-9D2EFA37920E}.Debug|x86.ActiveCfg = Debug|Any CPU
		{28A0618B-D025-4620-8880-9D2EFA37920E}.Debug|x86.Build.0 = Debug|Any CPU
		{28A0618B-D025-4620-8880-9D2EFA37920E}.Release|Any CPU.ActiveCfg = Release|Any CPU
		{28A0618B-D025-4620-8880-9D2EFA37920E}.Release|Any CPU.Build.0 = Release|Any CPU
		{28A0618B-D025-4620-8880-9D2EFA37920E}.Release|x64.ActiveCfg = Release|Any CPU
		{28A0618B-D025-4620-8880-9D2EFA37920E}.Release|x64.Build.0 = Release|Any CPU
		{28A0618B-D025-4620-8880-9D2EFA37920E}.Release|x86.ActiveCfg = Release|Any CPU
		{28A0618B-D025-4620-8880-9D2EFA37920E}.Release|x86.Build.0 = Release|Any CPU
		{5175659C-21ED-4F39-A666-E6622A9B92FE}.Debug|Any CPU.ActiveCfg = Debug|Any CPU
		{5175659C-21ED-4F39-A666-E6622A9B92FE}.Debug|Any CPU.Build.0 = Debug|Any CPU
		{5175659C-21ED-4F39-A666-E6622A9B92FE}.Debug|x64.ActiveCfg = Debug|Any CPU
		{5175659C-21ED-4F39-A666-E6622A9B92FE}.Debug|x64.Build.0 = Debug|Any CPU
		{5175659C-21ED-4F39-A666-E6622A9B92FE}.Debug|x86.ActiveCfg = Debug|Any CPU
		{5175659C-21ED-4F39-A666-E6622A9B92FE}.Debug|x86.Build.0 = Debug|Any CPU
		{5175659C-21ED-4F39-A666-E6622A9B92FE}.Release|Any CPU.ActiveCfg = Release|Any CPU
		{5175659C-21ED-4F39-A666-E6622A9B92FE}.Release|Any CPU.Build.0 = Release|Any CPU
		{5175659C-21ED-4F39-A666-E6622A9B92FE}.Release|x64.ActiveCfg = Release|Any CPU
		{5175659C-21ED-4F39-A666-E6622A9B92FE}.Release|x64.Build.0 = Release|Any CPU
		{5175659C-21ED-4F39-A666-E6622A9B92FE}.Release|x86.ActiveCfg = Release|Any CPU
		{5175659C-21ED-4F39-A666-E6622A9B92FE}.Release|x86.Build.0 = Release|Any CPU
	EndGlobalSection
EndGlobal
